
Microsoft Visual Studio Solution File, Format Version 12.00
# Visual Studio Version 17
VisualStudioVersion = 17.11.35222.181
MinimumVisualStudioVersion = 10.0.40219.1
Project("{9A19103F-16F7-4668-BE54-9A1E7A4F7556}") = "ModuleHub.ConsoleApp", "ModuleHub.ConsoleApp\ModuleHub.ConsoleApp.csproj", "{5E009152-3955-40ED-B1C9-4134C2068B48}"
EndProject
Project("{9A19103F-16F7-4668-BE54-9A1E7A4F7556}") = "ModuleHub.Domain", "ModuleHub.Domain\ModuleHub.Domain.csproj", "{28BAA994-4FAB-4A6D-B1EA-ABBFBA92BA18}"
EndProject
Project("{9A19103F-16F7-4668-BE54-9A1E7A4F7556}") = "ModuleHub.DataAccess", "ModuleHub.DataAccess\ModuleHub.DataAccess.csproj", "{A16F9868-5C4D-4040-A24B-746CE1B4136D}"
EndProject
Project("{9A19103F-16F7-4668-BE54-9A1E7A4F7556}") = "ModuleHub.Contracts", "ModuleHub.Contracts\ModuleHub.Contracts.csproj", "{21BFBAD4-8B98-46DD-89D7-D72E6DC95535}"
EndProject
Project("{9A19103F-16F7-4668-BE54-9A1E7A4F7556}") = "ModuleHub.DataAcces.Tests", "ModuleHub.DataAcces.Tests\ModuleHub.DataAcces.Tests.csproj", "{74118C13-8DE0-4672-BF4F-0617A17E4419}"
EndProject
Project("{FAE04EC0-301F-11D3-BF4B-00C04F79EFBC}") = "ModuleHub.GrpcService", "ModuleHub.GrpcService\ModuleHub.GrpcService.csproj", "{727382B6-D7AB-467F-8834-BC8399C7584A}"
EndProject
Project("{FAE04EC0-301F-11D3-BF4B-00C04F79EFBC}") = "ModuleHub.Protos", "ModuleHub.Protos\ModuleHub.Protos.csproj", "{57530A86-BF12-47A5-9C5E-9576B7915D41}"
EndProject
Global
	GlobalSection(SolutionConfigurationPlatforms) = preSolution
		Debug|Any CPU = Debug|Any CPU
		Release|Any CPU = Release|Any CPU
	EndGlobalSection
	GlobalSection(ProjectConfigurationPlatforms) = postSolution
		{5E009152-3955-40ED-B1C9-4134C2068B48}.Debug|Any CPU.ActiveCfg = Debug|Any CPU
		{5E009152-3955-40ED-B1C9-4134C2068B48}.Debug|Any CPU.Build.0 = Debug|Any CPU
		{5E009152-3955-40ED-B1C9-4134C2068B48}.Release|Any CPU.ActiveCfg = Release|Any CPU
		{5E009152-3955-40ED-B1C9-4134C2068B48}.Release|Any CPU.Build.0 = Release|Any CPU
		{28BAA994-4FAB-4A6D-B1EA-ABBFBA92BA18}.Debug|Any CPU.ActiveCfg = Debug|Any CPU
		{28BAA994-4FAB-4A6D-B1EA-ABBFBA92BA18}.Debug|Any CPU.Build.0 = Debug|Any CPU
		{28BAA994-4FAB-4A6D-B1EA-ABBFBA92BA18}.Release|Any CPU.ActiveCfg = Release|Any CPU
		{28BAA994-4FAB-4A6D-B1EA-ABBFBA92BA18}.Release|Any CPU.Build.0 = Release|Any CPU
		{A16F9868-5C4D-4040-A24B-746CE1B4136D}.Debug|Any CPU.ActiveCfg = Debug|Any CPU
		{A16F9868-5C4D-4040-A24B-746CE1B4136D}.Debug|Any CPU.Build.0 = Debug|Any CPU
		{A16F9868-5C4D-4040-A24B-746CE1B4136D}.Release|Any CPU.ActiveCfg = Release|Any CPU
		{A16F9868-5C4D-4040-A24B-746CE1B4136D}.Release|Any CPU.Build.0 = Release|Any CPU
		{21BFBAD4-8B98-46DD-89D7-D72E6DC95535}.Debug|Any CPU.ActiveCfg = Debug|Any CPU
		{21BFBAD4-8B98-46DD-89D7-D72E6DC95535}.Debug|Any CPU.Build.0 = Debug|Any CPU
		{21BFBAD4-8B98-46DD-89D7-D72E6DC95535}.Release|Any CPU.ActiveCfg = Release|Any CPU
		{21BFBAD4-8B98-46DD-89D7-D72E6DC95535}.Release|Any CPU.Build.0 = Release|Any CPU
		{74118C13-8DE0-4672-BF4F-0617A17E4419}.Debug|Any CPU.ActiveCfg = Debug|Any CPU
		{74118C13-8DE0-4672-BF4F-0617A17E4419}.Debug|Any CPU.Build.0 = Debug|Any CPU
		{74118C13-8DE0-4672-BF4F-0617A17E4419}.Release|Any CPU.ActiveCfg = Release|Any CPU
		{74118C13-8DE0-4672-BF4F-0617A17E4419}.Release|Any CPU.Build.0 = Release|Any CPU
		{727382B6-D7AB-467F-8834-BC8399C7584A}.Debug|Any CPU.ActiveCfg = Debug|Any CPU
		{727382B6-D7AB-467F-8834-BC8399C7584A}.Debug|Any CPU.Build.0 = Debug|Any CPU
		{727382B6-D7AB-467F-8834-BC8399C7584A}.Release|Any CPU.ActiveCfg = Release|Any CPU
		{727382B6-D7AB-467F-8834-BC8399C7584A}.Release|Any CPU.Build.0 = Release|Any CPU
		{57530A86-BF12-47A5-9C5E-9576B7915D41}.Debug|Any CPU.ActiveCfg = Debug|Any CPU
		{57530A86-BF12-47A5-9C5E-9576B7915D41}.Debug|Any CPU.Build.0 = Debug|Any CPU
		{57530A86-BF12-47A5-9C5E-9576B7915D41}.Release|Any CPU.ActiveCfg = Release|Any CPU
		{57530A86-BF12-47A5-9C5E-9576B7915D41}.Release|Any CPU.Build.0 = Release|Any CPU
	EndGlobalSection
	GlobalSection(SolutionProperties) = preSolution
		HideSolutionNode = FALSE
	EndGlobalSection
	GlobalSection(ExtensibilityGlobals) = postSolution
		SolutionGuid = {7297BD95-4A74-40C9-9586-62D8DD88623F}
	EndGlobalSection
EndGlobal
