
Microsoft Visual Studio Solution File, Format Version 12.00
# Visual Studio Version 17
VisualStudioVersion = 17.11.35222.181
MinimumVisualStudioVersion = 10.0.40219.1
Project("{FAE04EC0-301F-11D3-BF4B-00C04F79EFBC}") = "ModuleHub.Domain", "..\ModuleHub.Domain\ModuleHub.Domain.csproj", "{FD3DA513-365E-42E3-AA66-D81AA6BDC69E}"
EndProject
Global
	GlobalSection(SolutionConfigurationPlatforms) = preSolution
		Debug|Any CPU = Debug|Any CPU
		Release|Any CPU = Release|Any CPU
	EndGlobalSection
	GlobalSection(ProjectConfigurationPlatforms) = postSolution
		{FD3DA513-365E-42E3-AA66-D81AA6BDC69E}.Debug|Any CPU.ActiveCfg = Debug|Any CPU
		{FD3DA513-365E-42E3-AA66-D81AA6BDC69E}.Debug|Any CPU.Build.0 = Debug|Any CPU
		{FD3DA513-365E-42E3-AA66-D81AA6BDC69E}.Release|Any CPU.ActiveCfg = Release|Any CPU
		{FD3DA513-365E-42E3-AA66-D81AA6BDC69E}.Release|Any CPU.Build.0 = Release|Any CPU
	EndGlobalSection
	GlobalSection(SolutionProperties) = preSolution
		HideSolutionNode = FALSE
	EndGlobalSection
	GlobalSection(ExtensibilityGlobals) = postSolution
		SolutionGuid = {7297BD95-4A74-40C9-9586-62D8DD88623F}
	EndGlobalSection
EndGlobal
